<?xml version="1.0" encoding="utf-8"?>
<Project ToolsVersion="4.0" xmlns="http://schemas.microsoft.com/developer/msbuild/2003">
  <ItemGroup>
    <Filter Include="Source Files">
      <UniqueIdentifier>{4FC737F1-C7A5-4376-A066-2A32D752A2FF}</UniqueIdentifier>
      <Extensions>cpp;c;cc;cxx;def;odl;idl;hpj;bat;asm;asmx</Extensions>
    </Filter>
    <Filter Include="Header Files">
      <UniqueIdentifier>{93995380-89BD-4b04-88EB-625FBE52EBFB}</UniqueIdentifier>
      <Extensions>h;hh;hpp;hxx;hm;inl;inc;xsd</Extensions>
    </Filter>
    <Filter Include="Resource Files">
      <UniqueIdentifier>{67DA6AB6-F800-4c08-8B7A-83BB121AAD01}</UniqueIdentifier>
      <Extensions>rc;ico;cur;bmp;dlg;rc2;rct;bin;rgs;gif;jpg;jpeg;jpe;resx;tiff;tif;png;wav;mfcribbon-ms</Extensions>
    </Filter>
  </ItemGroup>
  <ItemGroup>
    <ClCompile Include="ByteInTime.cpp">
      <Filter>Source Files</Filter>
    </ClCompile>
    <ClCompile Include="EipLog.cpp">
      <Filter>Source Files</Filter>
    </ClCompile>
    <ClCompile Include="FileReader.cpp">
      <Filter>Source Files</Filter>
    </ClCompile>
    <ClCompile Include="LogParser.cpp">
      <Filter>Source Files</Filter>
    </ClCompile>
    <ClCompile Include="Memory.cpp">
      <Filter>Source Files</Filter>
    </ClCompile>
    <ClCompile Include="MemoryBase.cpp">
      <Filter>Source Files</Filter>
    </ClCompile>
    <ClCompile Include="MemoryDynamic.cpp">
      <Filter>Source Files</Filter>
    </ClCompile>
    <ClCompile Include="MemoryStatic.cpp">
      <Filter>Source Files</Filter>
    </ClCompile>
    <ClCompile Include="PagedDataContainer.cpp">
      <Filter>Source Files</Filter>
    </ClCompile>
    <ClCompile Include="PairsCache.cpp">
      <Filter>Source Files</Filter>
    </ClCompile>
    <ClCompile Include="RegLog.cpp">
      <Filter>Source Files</Filter>
    </ClCompile>
    <ClCompile Include="dllDebugInterface.cpp">
      <Filter>Source Files</Filter>
    </ClCompile>
    <ClCompile Include="dllInterface.cpp">
      <Filter>Source Files</Filter>
    </ClCompile>
  </ItemGroup>
  <ItemGroup>
    <ClInclude Include="Address.hpp">
      <Filter>Header Files</Filter>
    </ClInclude>
    <ClInclude Include="ByteInTime.hpp">
      <Filter>Header Files</Filter>
    </ClInclude>
    <ClInclude Include="DBRootPage.hpp">
      <Filter>Header Files</Filter>
    </ClInclude>
    <ClInclude Include="EipLog.hpp">
      <Filter>Header Files</Filter>
    </ClInclude>
    <ClInclude Include="FileReader.hpp">
      <Filter>Header Files</Filter>
    </ClInclude>
    <ClInclude Include="GlobalDefines.hpp">
      <Filter>Header Files</Filter>
    </ClInclude>
    <ClInclude Include="LogConsts.hpp">
      <Filter>Header Files</Filter>
    </ClInclude>
    <ClInclude Include="LogParser.hpp">
      <Filter>Header Files</Filter>
    </ClInclude>
    <ClInclude Include="Memory.hpp">
      <Filter>Header Files</Filter>
    </ClInclude>
    <ClInclude Include="MemoryBase.hpp">
      <Filter>Header Files</Filter>
    </ClInclude>
    <ClInclude Include="MemoryDynamic.hpp">
      <Filter>Header Files</Filter>
    </ClInclude>
    <ClInclude Include="MemoryStatic.hpp">
      <Filter>Header Files</Filter>
    </ClInclude>
    <ClInclude Include="PageBase.hpp">
      <Filter>Header Files</Filter>
    </ClInclude>
    <ClInclude Include="PageCache.hpp">
      <Filter>Header Files</Filter>
    </ClInclude>
    <ClInclude Include="PagedDataContainer.hpp">
      <Filter>Header Files</Filter>
    </ClInclude>
    <ClInclude Include="PagedHashTable.hpp">
      <Filter>Header Files</Filter>
    </ClInclude>
    <ClInclude Include="PagedLinkedList.hpp">
      <Filter>Header Files</Filter>
    </ClInclude>
    <ClInclude Include="PagedRandomAccess.hpp">
      <Filter>Header Files</Filter>
    </ClInclude>
    <ClInclude Include="PageLarge.hpp">
      <Filter>Header Files</Filter>
    </ClInclude>
    <ClInclude Include="PairsCache.hpp">
      <Filter>Header Files</Filter>
    </ClInclude>
    <ClInclude Include="RegLog.hpp">
      <Filter>Header Files</Filter>
    </ClInclude>
    <ClInclude Include="RegLogIterBase.hpp">
      <Filter>Header Files</Filter>
    </ClInclude>
    <ClInclude Include="RegValue.hpp">
      <Filter>Header Files</Filter>
    </ClInclude>
    <ClInclude Include="StatisticsInfo.hpp">
      <Filter>Header Files</Filter>
    </ClInclude>
    <ClInclude Include="dllDebugInterface.hpp">
      <Filter>Header Files</Filter>
    </ClInclude>
    <ClInclude Include="dllInterface.hpp">
      <Filter>Header Files</Filter>
    </ClInclude>
    <ClInclude Include="stdafx.h">
      <Filter>Header Files</Filter>
    </ClInclude>
  </ItemGroup>
</Project>
